
Microsoft Visual Studio Solution File, Format Version 12.00
# Visual Studio Version 17
VisualStudioVersion = 17.10.34928.147
MinimumVisualStudioVersion = 10.0.40219.1
Project("{FAE04EC0-301F-11D3-BF4B-00C04F79EFBC}") = "LibraryManagmentApplication.Core", "LibraryManagmentApplication.Core\LibraryManagmentApplication.Core.csproj", "{47EF6D0C-9AF0-4A95-9752-52CF85A42394}"
EndProject
Project("{FAE04EC0-301F-11D3-BF4B-00C04F79EFBC}") = "LibraryManagmentApplication.Data", "LibraryManagmentApplication.Data\LibraryManagmentApplication.Data.csproj", "{DCF265DD-34D1-45D0-B637-7F7F37410EA7}"
EndProject
Project("{FAE04EC0-301F-11D3-BF4B-00C04F79EFBC}") = "LibraryManagmentApplication.Business", "LibraryManagmentApplication.Business\LibraryManagmentApplication.Business.csproj", "{375F8D42-C387-4666-BBE9-7D77E147FE8F}"
EndProject
Project("{FAE04EC0-301F-11D3-BF4B-00C04F79EFBC}") = "LibraryManagmentApplication.UI", "LibraryManagmentApplication.UI\LibraryManagmentApplication.UI.csproj", "{363F9B42-CFAF-4459-98FD-72F6B697397D}"
EndProject
Global
	GlobalSection(SolutionConfigurationPlatforms) = preSolution
		Debug|Any CPU = Debug|Any CPU
		Release|Any CPU = Release|Any CPU
	EndGlobalSection
	GlobalSection(ProjectConfigurationPlatforms) = postSolution
		{47EF6D0C-9AF0-4A95-9752-52CF85A42394}.Debug|Any CPU.ActiveCfg = Debug|Any CPU
		{47EF6D0C-9AF0-4A95-9752-52CF85A42394}.Debug|Any CPU.Build.0 = Debug|Any CPU
		{47EF6D0C-9AF0-4A95-9752-52CF85A42394}.Release|Any CPU.ActiveCfg = Release|Any CPU
		{47EF6D0C-9AF0-4A95-9752-52CF85A42394}.Release|Any CPU.Build.0 = Release|Any CPU
		{DCF265DD-34D1-45D0-B637-7F7F37410EA7}.Debug|Any CPU.ActiveCfg = Debug|Any CPU
		{DCF265DD-34D1-45D0-B637-7F7F37410EA7}.Debug|Any CPU.Build.0 = Debug|Any CPU
		{DCF265DD-34D1-45D0-B637-7F7F37410EA7}.Release|Any CPU.ActiveCfg = Release|Any CPU
		{DCF265DD-34D1-45D0-B637-7F7F37410EA7}.Release|Any CPU.Build.0 = Release|Any CPU
		{375F8D42-C387-4666-BBE9-7D77E147FE8F}.Debug|Any CPU.ActiveCfg = Debug|Any CPU
		{375F8D42-C387-4666-BBE9-7D77E147FE8F}.Debug|Any CPU.Build.0 = Debug|Any CPU
		{375F8D42-C387-4666-BBE9-7D77E147FE8F}.Release|Any CPU.ActiveCfg = Release|Any CPU
		{375F8D42-C387-4666-BBE9-7D77E147FE8F}.Release|Any CPU.Build.0 = Release|Any CPU
		{363F9B42-CFAF-4459-98FD-72F6B697397D}.Debug|Any CPU.ActiveCfg = Debug|Any CPU
		{363F9B42-CFAF-4459-98FD-72F6B697397D}.Debug|Any CPU.Build.0 = Debug|Any CPU
		{363F9B42-CFAF-4459-98FD-72F6B697397D}.Release|Any CPU.ActiveCfg = Release|Any CPU
		{363F9B42-CFAF-4459-98FD-72F6B697397D}.Release|Any CPU.Build.0 = Release|Any CPU
	EndGlobalSection
	GlobalSection(SolutionProperties) = preSolution
		HideSolutionNode = FALSE
	EndGlobalSection
	GlobalSection(ExtensibilityGlobals) = postSolution
		SolutionGuid = {1B8F8351-7D89-4DFB-B832-8A55B19CBCE3}
	EndGlobalSection
EndGlobal
